
Microsoft Visual Studio Solution File, Format Version 11.00
# Visual Studio 2010
Project("{FAE04EC0-301F-11D3-BF4B-00C04F79EFBC}") = "Assembly-CSharp", "Assembly-CSharp.csproj", "{af1c7337-ab49-d58e-2a62-507d7bcf17b3}"
EndProject
Project("{FAE04EC0-301F-11D3-BF4B-00C04F79EFBC}") = "Assembly-CSharp-firstpass", "Assembly-CSharp-firstpass.csproj", "{e8ca447b-b5cf-e023-341b-2a886adab040}"
EndProject
Global
	GlobalSection(SolutionConfigurationPlatforms) = preSolution
		Debug|Any CPU = Debug|Any CPU
		Release|Any CPU = Release|Any CPU
	EndGlobalSection
	GlobalSection(ProjectConfigurationPlatforms) = postSolution
		{af1c7337-ab49-d58e-2a62-507d7bcf17b3}.Debug|Any CPU.ActiveCfg = Debug|Any CPU
		{af1c7337-ab49-d58e-2a62-507d7bcf17b3}.Debug|Any CPU.Build.0 = Debug|Any CPU
		{af1c7337-ab49-d58e-2a62-507d7bcf17b3}.Release|Any CPU.ActiveCfg = Release|Any CPU
		{af1c7337-ab49-d58e-2a62-507d7bcf17b3}.Release|Any CPU.Build.0 = Release|Any CPU
		{e8ca447b-b5cf-e023-341b-2a886adab040}.Debug|Any CPU.ActiveCfg = Debug|Any CPU
		{e8ca447b-b5cf-e023-341b-2a886adab040}.Debug|Any CPU.Build.0 = Debug|Any CPU
		{e8ca447b-b5cf-e023-341b-2a886adab040}.Release|Any CPU.ActiveCfg = Release|Any CPU
		{e8ca447b-b5cf-e023-341b-2a886adab040}.Release|Any CPU.Build.0 = Release|Any CPU
	EndGlobalSection
	GlobalSection(SolutionProperties) = preSolution
		HideSolutionNode = FALSE
	EndGlobalSection
EndGlobal
